version = 1
revision = 3
requires-python = ">=3.13"

[[package]]
name = "av"
version = "16.0.1"
source = { registry = "https://pypi.org/simple" }
sdist = { url = "https://files.pythonhosted.org/packages/15/c3/fd72a0315bc6c943ced1105aaac6e0ec1be57c70d8a616bd05acaa21ffee/av-16.0.1.tar.gz", hash = "sha256:dd2ce779fa0b5f5889a6d9e00fbbbc39f58e247e52d31044272648fe16ff1dbf", size = 3904030, upload-time = "2025-10-13T12:28:51.082Z" }
wheels = [
    { url = "https://files.pythonhosted.org/packages/86/59/972f199ccc4f8c9e51f59e0f8962a09407396b3f6d11355e2c697ba555f9/av-16.0.1-cp313-cp313-macosx_11_0_x86_64.whl", hash = "sha256:4c61c6c120f5c5d95c711caf54e2c4a9fb2f1e613ac0a9c273d895f6b2602e44", size = 27170433, upload-time = "2025-10-13T12:26:24.673Z" },
    { url = "https://files.pythonhosted.org/packages/53/9d/0514cbc185fb20353ab25da54197fbd169a233e39efcbb26533c36a9dbb9/av-16.0.1-cp313-cp313-macosx_14_0_arm64.whl", hash = "sha256:7ecc2e41320c69095f44aff93470a0d32c30892b2dbad0a08040441c81efa379", size = 21717654, upload-time = "2025-10-13T12:26:29.12Z" },
    { url = "https://files.pythonhosted.org/packages/32/8c/881409dd124b4e07d909d2b70568acb21126fc747656390840a2238651c9/av-16.0.1-cp313-cp313-manylinux_2_28_aarch64.whl", hash = "sha256:036f0554d6faef3f4a94acaeb0cedd388e3ab96eb0eb5a14ec27c17369c466c9", size = 38651601, upload-time = "2025-10-13T12:26:33.919Z" },
    { url = "https://files.pythonhosted.org/packages/35/fd/867ba4cc3ab504442dc89b0c117e6a994fc62782eb634c8f31304586f93e/av-16.0.1-cp313-cp313-manylinux_2_28_x86_64.whl", hash = "sha256:876415470a62e4a3550cc38db2fc0094c25e64eea34d7293b7454125d5958190", size = 40278604, upload-time = "2025-10-13T12:26:39.2Z" },
    { url = "https://files.pythonhosted.org/packages/b3/87/63cde866c0af09a1fa9727b4f40b34d71b0535785f5665c27894306f1fbc/av-16.0.1-cp313-cp313-musllinux_1_2_aarch64.whl", hash = "sha256:56902a06bd0828d13f13352874c370670882048267191ff5829534b611ba3956", size = 39984854, upload-time = "2025-10-13T12:26:44.581Z" },
    { url = "https://files.pythonhosted.org/packages/71/3b/8f40a708bff0e6b0f957836e2ef1f4d4429041cf8d99a415a77ead8ac8a3/av-16.0.1-cp313-cp313-musllinux_1_2_x86_64.whl", hash = "sha256:fe988c2bf0fc2d952858f791f18377ea4ae4e19ba3504793799cd6c2a2562edf", size = 41270352, upload-time = "2025-10-13T12:26:50.817Z" },
    { url = "https://files.pythonhosted.org/packages/1e/b5/c114292cb58a7269405ae13b7ba48c7d7bfeebbb2e4e66c8073c065a4430/av-16.0.1-cp313-cp313-win_amd64.whl", hash = "sha256:708a66c248848029bf518f0482b81c5803846f1b597ef8013b19c014470b620f", size = 32273242, upload-time = "2025-10-13T12:26:55.788Z" },
    { url = "https://files.pythonhosted.org/packages/ff/e9/a5b714bc078fdcca8b46c8a0b38484ae5c24cd81d9c1703d3e8ae2b57259/av-16.0.1-cp313-cp313t-macosx_11_0_x86_64.whl", hash = "sha256:79a77ee452537030c21a0b41139bedaf16629636bf764b634e93b99c9d5f4558", size = 27248984, upload-time = "2025-10-13T12:27:00.564Z" },
    { url = "https://files.pythonhosted.org/packages/06/ef/ff777aaf1f88e3f6ce94aca4c5806a0c360e68d48f9d9f0214e42650f740/av-16.0.1-cp313-cp313t-macosx_14_0_arm64.whl", hash = "sha256:080823a6ff712f81e7089ae9756fb1512ca1742a138556a852ce50f58e457213", size = 21828098, upload-time = "2025-10-13T12:27:05.433Z" },
    { url = "https://files.pythonhosted.org/packages/34/d7/a484358d24a42bedde97f61f5d6ee568a7dd866d9df6e33731378db92d9e/av-16.0.1-cp313-cp313t-manylinux_2_28_aarch64.whl", hash = "sha256:04e00124afa8b46a850ed48951ddda61de874407fb8307d6a875bba659d5727e", size = 40051697, upload-time = "2025-10-13T12:27:10.525Z" },
    { url = "https://files.pythonhosted.org/packages/73/87/6772d6080837da5d5c810a98a95bde6977e1f5a6e2e759e8c9292af9ec69/av-16.0.1-cp313-cp313t-manylinux_2_28_x86_64.whl", hash = "sha256:bc098c1c6dc4e7080629a7e9560e67bd4b5654951e17e5ddfd2b1515cfcd37db", size = 41352596, upload-time = "2025-10-13T12:27:16.217Z" },
    { url = "https://files.pythonhosted.org/packages/bd/58/fe448c60cf7f85640a0ed8936f16bac874846aa35e1baa521028949c1ea3/av-16.0.1-cp313-cp313t-musllinux_1_2_aarch64.whl", hash = "sha256:e6ffd3559a72c46a76aa622630751a821499ba5a780b0047ecc75105d43a6b61", size = 41183156, upload-time = "2025-10-13T12:27:21.574Z" },
    { url = "https://files.pythonhosted.org/packages/85/c6/a039a0979d0c278e1bed6758d5a6186416c3ccb8081970df893fdf9a0d99/av-16.0.1-cp313-cp313t-musllinux_1_2_x86_64.whl", hash = "sha256:7a3f1a36b550adadd7513f4f5ee956f9e06b01a88e59f3150ef5fec6879d6f79", size = 42302331, upload-time = "2025-10-13T12:27:26.953Z" },
    { url = "https://files.pythonhosted.org/packages/18/7b/2ca4a9e3609ff155436dac384e360f530919cb1e328491f7df294be0f0dc/av-16.0.1-cp313-cp313t-win_amd64.whl", hash = "sha256:c6de794abe52b8c0be55d8bb09ade05905efa74b1a5ab4860b4b9c2bfb6578bf", size = 32462194, upload-time = "2025-10-13T12:27:32.942Z" },
    { url = "https://files.pythonhosted.org/packages/14/9a/6d17e379906cf53a7a44dfac9cf7e4b2e7df2082ba2dbf07126055effcc1/av-16.0.1-cp314-cp314-macosx_11_0_x86_64.whl", hash = "sha256:4b55ba69a943ae592ad7900da67129422954789de9dc384685d6b529925f542e", size = 27167101, upload-time = "2025-10-13T12:27:38.886Z" },
    { url = "https://files.pythonhosted.org/packages/6c/34/891816cd82d5646cb5a51d201d20be0a578232536d083b7d939734258067/av-16.0.1-cp314-cp314-macosx_14_0_arm64.whl", hash = "sha256:d4a0c47b6c9bbadad8909b82847f5fe64a608ad392f0b01704e427349bcd9a47", size = 21722708, upload-time = "2025-10-13T12:27:43.29Z" },
    { url = "https://files.pythonhosted.org/packages/1d/20/c24ad34038423ab8c9728cef3301e0861727c188442dcfd70a4a10834c63/av-16.0.1-cp314-cp314-manylinux_2_28_aarch64.whl", hash = "sha256:8bba52f3035708456f6b1994d10b0371b45cfd8f917b5e84ff81aef4ec2f08bf", size = 38638842, upload-time = "2025-10-13T12:27:49.776Z" },
    { url = "https://files.pythonhosted.org/packages/d7/32/034412309572ba3ad713079d07a3ffc13739263321aece54a3055d7a4f1f/av-16.0.1-cp314-cp314-manylinux_2_28_x86_64.whl", hash = "sha256:08e34c7e7b5e55e29931180bbe21095e1874ac120992bf6b8615d39574487617", size = 40197789, upload-time = "2025-10-13T12:27:55.688Z" },
    { url = "https://files.pythonhosted.org/packages/fb/9c/40496298c32f9094e7df28641c5c58aa6fb07554dc232a9ac98a9894376f/av-16.0.1-cp314-cp314-musllinux_1_2_aarch64.whl", hash = "sha256:0d6250ab9db80c641b299987027c987f14935ea837ea4c02c5f5182f6b69d9e5", size = 39980829, upload-time = "2025-10-13T12:28:01.507Z" },
    { url = "https://files.pythonhosted.org/packages/4a/7e/5c38268ac1d424f309b13b2de4597ad28daea6039ee5af061e62918b12a8/av-16.0.1-cp314-cp314-musllinux_1_2_x86_64.whl", hash = "sha256:7b621f28d8bcbb07cdcd7b18943ddc040739ad304545715ae733873b6e1b739d", size = 41205928, upload-time = "2025-10-13T12:28:08.431Z" },
    { url = "https://files.pythonhosted.org/packages/e3/07/3176e02692d8753a6c4606021c60e4031341afb56292178eee633b6760a4/av-16.0.1-cp314-cp314-win_amd64.whl", hash = "sha256:92101f49082392580c9dba4ba2fe5b931b3bb0fb75a1a848bfb9a11ded68be91", size = 32272836, upload-time = "2025-10-13T12:28:13.405Z" },
    { url = "https://files.pythonhosted.org/packages/8a/47/10e03b88de097385d1550cbb6d8de96159131705c13adb92bd9b7e677425/av-16.0.1-cp314-cp314t-macosx_11_0_x86_64.whl", hash = "sha256:07c464bf2bc362a154eccc82e235ef64fd3aaf8d76fc8ed63d0ae520943c6d3f", size = 27248864, upload-time = "2025-10-13T12:28:17.467Z" },
    { url = "https://files.pythonhosted.org/packages/b1/60/7447f206bec3e55e81371f1989098baa2fe9adb7b46c149e6937b7e7c1ca/av-16.0.1-cp314-cp314t-macosx_14_0_arm64.whl", hash = "sha256:750da0673864b669c95882c7b25768cd93ece0e47010d74ebcc29dbb14d611f8", size = 21828185, upload-time = "2025-10-13T12:28:21.461Z" },
    { url = "https://files.pythonhosted.org/packages/68/48/ee2680e7a01bc4911bbe902b814346911fa2528697a44f3043ee68e0f07e/av-16.0.1-cp314-cp314t-manylinux_2_28_aarch64.whl", hash = "sha256:0b7c0d060863b2e341d07cd26851cb9057b7979814148b028fb7ee5d5eb8772d", size = 40040572, upload-time = "2025-10-13T12:28:26.585Z" },
    { url = "https://files.pythonhosted.org/packages/da/68/2c43d28871721ae07cde432d6e36ae2f7035197cbadb43764cc5bf3d4b33/av-16.0.1-cp314-cp314t-manylinux_2_28_x86_64.whl", hash = "sha256:e67c2eca6023ca7d76b0709c5f392b23a5defba499f4c262411f8155b1482cbd", size = 41344288, upload-time = "2025-10-13T12:28:32.512Z" },
    { url = "https://files.pythonhosted.org/packages/ec/7f/1d801bff43ae1af4758c45eee2eaae64f303bbb460e79f352f08587fd179/av-16.0.1-cp314-cp314t-musllinux_1_2_aarch64.whl", hash = "sha256:e3243d54d84986e8fbdc1946db634b0c41fe69b6de35a99fa8b763e18503d040", size = 41175142, upload-time = "2025-10-13T12:28:38.356Z" },
    { url = "https://files.pythonhosted.org/packages/e4/06/bb363138687066bbf8997c1433dbd9c81762bae120955ea431fb72d69d26/av-16.0.1-cp314-cp314t-musllinux_1_2_x86_64.whl", hash = "sha256:a1bcf73efab5379601e6510abd7afe5f397d0f6defe69b1610c2f37a4a17996b", size = 42293932, upload-time = "2025-10-13T12:28:43.442Z" },
    { url = "https://files.pythonhosted.org/packages/92/15/5e713098a085f970ccf88550194d277d244464d7b3a7365ad92acb4b6dc1/av-16.0.1-cp314-cp314t-win_amd64.whl", hash = "sha256:6368d4ff153d75469d2a3217bc403630dc870a72fe0a014d9135de550d731a86", size = 32460624, upload-time = "2025-10-13T12:28:48.767Z" },
]

[[package]]
name = "cffi"
version = "2.0.0"
source = { registry = "https://pypi.org/simple" }
dependencies = [
    { name = "pycparser", marker = "implementation_name != 'PyPy'" },
]
sdist = { url = "https://files.pythonhosted.org/packages/eb/56/b1ba7935a17738ae8453301356628e8147c79dbb825bcbc73dc7401f9846/cffi-2.0.0.tar.gz", hash = "sha256:44d1b5909021139fe36001ae048dbdde8214afa20200eda0f64c068cac5d5529", size = 523588, upload-time = "2025-09-08T23:24:04.541Z" }
wheels = [
    { url = "https://files.pythonhosted.org/packages/4b/8d/a0a47a0c9e413a658623d014e91e74a50cdd2c423f7ccfd44086ef767f90/cffi-2.0.0-cp313-cp313-macosx_10_13_x86_64.whl", hash = "sha256:00bdf7acc5f795150faa6957054fbbca2439db2f775ce831222b66f192f03beb", size = 185230, upload-time = "2025-09-08T23:23:00.879Z" },
    { url = "https://files.pythonhosted.org/packages/4a/d2/a6c0296814556c68ee32009d9c2ad4f85f2707cdecfd7727951ec228005d/cffi-2.0.0-cp313-cp313-macosx_11_0_arm64.whl", hash = "sha256:45d5e886156860dc35862657e1494b9bae8dfa63bf56796f2fb56e1679fc0bca", size = 181043, upload-time = "2025-09-08T23:23:02.231Z" },
    { url = "https://files.pythonhosted.org/packages/b0/1e/d22cc63332bd59b06481ceaac49d6c507598642e2230f201649058a7e704/cffi-2.0.0-cp313-cp313-manylinux1_i686.manylinux2014_i686.manylinux_2_17_i686.manylinux_2_5_i686.whl", hash = "sha256:07b271772c100085dd28b74fa0cd81c8fb1a3ba18b21e03d7c27f3436a10606b", size = 212446, upload-time = "2025-09-08T23:23:03.472Z" },
    { url = "https://files.pythonhosted.org/packages/a9/f5/a2c23eb03b61a0b8747f211eb716446c826ad66818ddc7810cc2cc19b3f2/cffi-2.0.0-cp313-cp313-manylinux2014_aarch64.manylinux_2_17_aarch64.whl", hash = "sha256:d48a880098c96020b02d5a1f7d9251308510ce8858940e6fa99ece33f610838b", size = 220101, upload-time = "2025-09-08T23:23:04.792Z" },
    { url = "https://files.pythonhosted.org/packages/f2/7f/e6647792fc5850d634695bc0e6ab4111ae88e89981d35ac269956605feba/cffi-2.0.0-cp313-cp313-manylinux2014_ppc64le.manylinux_2_17_ppc64le.whl", hash = "sha256:f93fd8e5c8c0a4aa1f424d6173f14a892044054871c771f8566e4008eaa359d2", size = 207948, upload-time = "2025-09-08T23:23:06.127Z" },
    { url = "https://files.pythonhosted.org/packages/cb/1e/a5a1bd6f1fb30f22573f76533de12a00bf274abcdc55c8edab639078abb6/cffi-2.0.0-cp313-cp313-manylinux2014_s390x.manylinux_2_17_s390x.whl", hash = "sha256:dd4f05f54a52fb558f1ba9f528228066954fee3ebe629fc1660d874d040ae5a3", size = 206422, upload-time = "2025-09-08T23:23:07.753Z" },
    { url = "https://files.pythonhosted.org/packages/98/df/0a1755e750013a2081e863e7cd37e0cdd02664372c754e5560099eb7aa44/cffi-2.0.0-cp313-cp313-manylinux2014_x86_64.manylinux_2_17_x86_64.whl", hash = "sha256:c8d3b5532fc71b7a77c09192b4a5a200ea992702734a2e9279a37f2478236f26", size = 219499, upload-time = "2025-09-08T23:23:09.648Z" },
    { url = "https://files.pythonhosted.org/packages/50/e1/a969e687fcf9ea58e6e2a928ad5e2dd88cc12f6f0ab477e9971f2309b57c/cffi-2.0.0-cp313-cp313-musllinux_1_2_aarch64.whl", hash = "sha256:d9b29c1f0ae438d5ee9acb31cadee00a58c46cc9c0b2f9038c6b0b3470877a8c", size = 222928, upload-time = "2025-09-08T23:23:10.928Z" },
    { url = "https://files.pythonhosted.org/packages/36/54/0362578dd2c9e557a28ac77698ed67323ed5b9775ca9d3fe73fe191bb5d8/cffi-2.0.0-cp313-cp313-musllinux_1_2_x86_64.whl", hash = "sha256:6d50360be4546678fc1b79ffe7a66265e28667840010348dd69a314145807a1b", size = 221302, upload-time = "2025-09-08T23:23:12.42Z" },
    { url = "https://files.pythonhosted.org/packages/eb/6d/bf9bda840d5f1dfdbf0feca87fbdb64a918a69bca42cfa0ba7b137c48cb8/cffi-2.0.0-cp313-cp313-win32.whl", hash = "sha256:74a03b9698e198d47562765773b4a8309919089150a0bb17d829ad7b44b60d27", size = 172909, upload-time = "2025-09-08T23:23:14.32Z" },
    { url = "https://files.pythonhosted.org/packages/37/18/6519e1ee6f5a1e579e04b9ddb6f1676c17368a7aba48299c3759bbc3c8b3/cffi-2.0.0-cp313-cp313-win_amd64.whl", hash = "sha256:19f705ada2530c1167abacb171925dd886168931e0a7b78f5bffcae5c6b5be75", size = 183402, upload-time = "2025-09-08T23:23:15.535Z" },
    { url = "https://files.pythonhosted.org/packages/cb/0e/02ceeec9a7d6ee63bb596121c2c8e9b3a9e150936f4fbef6ca1943e6137c/cffi-2.0.0-cp313-cp313-win_arm64.whl", hash = "sha256:256f80b80ca3853f90c21b23ee78cd008713787b1b1e93eae9f3d6a7134abd91", size = 177780, upload-time = "2025-09-08T23:23:16.761Z" },
    { url = "https://files.pythonhosted.org/packages/92/c4/3ce07396253a83250ee98564f8d7e9789fab8e58858f35d07a9a2c78de9f/cffi-2.0.0-cp314-cp314-macosx_10_13_x86_64.whl", hash = "sha256:fc33c5141b55ed366cfaad382df24fe7dcbc686de5be719b207bb248e3053dc5", size = 185320, upload-time = "2025-09-08T23:23:18.087Z" },
    { url = "https://files.pythonhosted.org/packages/59/dd/27e9fa567a23931c838c6b02d0764611c62290062a6d4e8ff7863daf9730/cffi-2.0.0-cp314-cp314-macosx_11_0_arm64.whl", hash = "sha256:c654de545946e0db659b3400168c9ad31b5d29593291482c43e3564effbcee13", size = 181487, upload-time = "2025-09-08T23:23:19.622Z" },
    { url = "https://files.pythonhosted.org/packages/d6/43/0e822876f87ea8a4ef95442c3d766a06a51fc5298823f884ef87aaad168c/cffi-2.0.0-cp314-cp314-manylinux2014_aarch64.manylinux_2_17_aarch64.whl", hash = "sha256:24b6f81f1983e6df8db3adc38562c83f7d4a0c36162885ec7f7b77c7dcbec97b", size = 220049, upload-time = "2025-09-08T23:23:20.853Z" },
    { url = "https://files.pythonhosted.org/packages/b4/89/76799151d9c2d2d1ead63c2429da9ea9d7aac304603de0c6e8764e6e8e70/cffi-2.0.0-cp314-cp314-manylinux2014_ppc64le.manylinux_2_17_ppc64le.whl", hash = "sha256:12873ca6cb9b0f0d3a0da705d6086fe911591737a59f28b7936bdfed27c0d47c", size = 207793, upload-time = "2025-09-08T23:23:22.08Z" },
    { url = "https://files.pythonhosted.org/packages/bb/dd/3465b14bb9e24ee24cb88c9e3730f6de63111fffe513492bf8c808a3547e/cffi-2.0.0-cp314-cp314-manylinux2014_s390x.manylinux_2_17_s390x.whl", hash = "sha256:d9b97165e8aed9272a6bb17c01e3cc5871a594a446ebedc996e2397a1c1ea8ef", size = 206300, upload-time = "2025-09-08T23:23:23.314Z" },
    { url = "https://files.pythonhosted.org/packages/47/d9/d83e293854571c877a92da46fdec39158f8d7e68da75bf73581225d28e90/cffi-2.0.0-cp314-cp314-manylinux2014_x86_64.manylinux_2_17_x86_64.whl", hash = "sha256:afb8db5439b81cf9c9d0c80404b60c3cc9c3add93e114dcae767f1477cb53775", size = 219244, upload-time = "2025-09-08T23:23:24.541Z" },
    { url = "https://files.pythonhosted.org/packages/2b/0f/1f177e3683aead2bb00f7679a16451d302c436b5cbf2505f0ea8146ef59e/cffi-2.0.0-cp314-cp314-musllinux_1_2_aarch64.whl", hash = "sha256:737fe7d37e1a1bffe70bd5754ea763a62a066dc5913ca57e957824b72a85e205", size = 222828, upload-time = "2025-09-08T23:23:26.143Z" },
    { url = "https://files.pythonhosted.org/packages/c6/0f/cafacebd4b040e3119dcb32fed8bdef8dfe94da653155f9d0b9dc660166e/cffi-2.0.0-cp314-cp314-musllinux_1_2_x86_64.whl", hash = "sha256:38100abb9d1b1435bc4cc340bb4489635dc2f0da7456590877030c9b3d40b0c1", size = 220926, upload-time = "2025-09-08T23:23:27.873Z" },
    { url = "https://files.pythonhosted.org/packages/3e/aa/df335faa45b395396fcbc03de2dfcab242cd61a9900e914fe682a59170b1/cffi-2.0.0-cp314-cp314-win32.whl", hash = "sha256:087067fa8953339c723661eda6b54bc98c5625757ea62e95eb4898ad5e776e9f", size = 175328, upload-time = "2025-09-08T23:23:44.61Z" },
    { url = "https://files.pythonhosted.org/packages/bb/92/882c2d30831744296ce713f0feb4c1cd30f346ef747b530b5318715cc367/cffi-2.0.0-cp314-cp314-win_amd64.whl", hash = "sha256:203a48d1fb583fc7d78a4c6655692963b860a417c0528492a6bc21f1aaefab25", size = 185650, upload-time = "2025-09-08T23:23:45.848Z" },
    { url = "https://files.pythonhosted.org/packages/9f/2c/98ece204b9d35a7366b5b2c6539c350313ca13932143e79dc133ba757104/cffi-2.0.0-cp314-cp314-win_arm64.whl", hash = "sha256:dbd5c7a25a7cb98f5ca55d258b103a2054f859a46ae11aaf23134f9cc0d356ad", size = 180687, upload-time = "2025-09-08T23:23:47.105Z" },
    { url = "https://files.pythonhosted.org/packages/3e/61/c768e4d548bfa607abcda77423448df8c471f25dbe64fb2ef6d555eae006/cffi-2.0.0-cp314-cp314t-macosx_10_13_x86_64.whl", hash = "sha256:9a67fc9e8eb39039280526379fb3a70023d77caec1852002b4da7e8b270c4dd9", size = 188773, upload-time = "2025-09-08T23:23:29.347Z" },
    { url = "https://files.pythonhosted.org/packages/2c/ea/5f76bce7cf6fcd0ab1a1058b5af899bfbef198bea4d5686da88471ea0336/cffi-2.0.0-cp314-cp314t-macosx_11_0_arm64.whl", hash = "sha256:7a66c7204d8869299919db4d5069a82f1561581af12b11b3c9f48c584eb8743d", size = 185013, upload-time = "2025-09-08T23:23:30.63Z" },
    { url = "https://files.pythonhosted.org/packages/be/b4/c56878d0d1755cf9caa54ba71e5d049479c52f9e4afc230f06822162ab2f/cffi-2.0.0-cp314-cp314t-manylinux2014_aarch64.manylinux_2_17_aarch64.whl", hash = "sha256:7cc09976e8b56f8cebd752f7113ad07752461f48a58cbba644139015ac24954c", size = 221593, upload-time = "2025-09-08T23:23:31.91Z" },
    { url = "https://files.pythonhosted.org/packages/e0/0d/eb704606dfe8033e7128df5e90fee946bbcb64a04fcdaa97321309004000/cffi-2.0.0-cp314-cp314t-manylinux2014_ppc64le.manylinux_2_17_ppc64le.whl", hash = "sha256:92b68146a71df78564e4ef48af17551a5ddd142e5190cdf2c5624d0c3ff5b2e8", size = 209354, upload-time = "2025-09-08T23:23:33.214Z" },
    { url = "https://files.pythonhosted.org/packages/d8/19/3c435d727b368ca475fb8742ab97c9cb13a0de600ce86f62eab7fa3eea60/cffi-2.0.0-cp314-cp314t-manylinux2014_s390x.manylinux_2_17_s390x.whl", hash = "sha256:b1e74d11748e7e98e2f426ab176d4ed720a64412b6a15054378afdb71e0f37dc", size = 208480, upload-time = "2025-09-08T23:23:34.495Z" },
    { url = "https://files.pythonhosted.org/packages/d0/44/681604464ed9541673e486521497406fadcc15b5217c3e326b061696899a/cffi-2.0.0-cp314-cp314t-manylinux2014_x86_64.manylinux_2_17_x86_64.whl", hash = "sha256:28a3a209b96630bca57cce802da70c266eb08c6e97e5afd61a75611ee6c64592", size = 221584, upload-time = "2025-09-08T23:23:36.096Z" },
    { url = "https://files.pythonhosted.org/packages/25/8e/342a504ff018a2825d395d44d63a767dd8ebc927ebda557fecdaca3ac33a/cffi-2.0.0-cp314-cp314t-musllinux_1_2_aarch64.whl", hash = "sha256:7553fb2090d71822f02c629afe6042c299edf91ba1bf94951165613553984512", size = 224443, upload-time = "2025-09-08T23:23:37.328Z" },
    { url = "https://files.pythonhosted.org/packages/e1/5e/b666bacbbc60fbf415ba9988324a132c9a7a0448a9a8f125074671c0f2c3/cffi-2.0.0-cp314-cp314t-musllinux_1_2_x86_64.whl", hash = "sha256:6c6c373cfc5c83a975506110d17457138c8c63016b563cc9ed6e056a82f13ce4", size = 223437, upload-time = "2025-09-08T23:23:38.945Z" },
    { url = "https://files.pythonhosted.org/packages/a0/1d/ec1a60bd1a10daa292d3cd6bb0b359a81607154fb8165f3ec95fe003b85c/cffi-2.0.0-cp314-cp314t-win32.whl", hash = "sha256:1fc9ea04857caf665289b7a75923f2c6ed559b8298a1b8c49e59f7dd95c8481e", size = 180487, upload-time = "2025-09-08T23:23:40.423Z" },
    { url = "https://files.pythonhosted.org/packages/bf/41/4c1168c74fac325c0c8156f04b6749c8b6a8f405bbf91413ba088359f60d/cffi-2.0.0-cp314-cp314t-win_amd64.whl", hash = "sha256:d68b6cef7827e8641e8ef16f4494edda8b36104d79773a334beaa1e3521430f6", size = 191726, upload-time = "2025-09-08T23:23:41.742Z" },
    { url = "https://files.pythonhosted.org/packages/ae/3a/dbeec9d1ee0844c679f6bb5d6ad4e9f198b1224f4e7a32825f47f6192b0c/cffi-2.0.0-cp314-cp314t-win_arm64.whl", hash = "sha256:0a1527a803f0a659de1af2e1fd700213caba79377e27e4693648c2923da066f9", size = 184195, upload-time = "2025-09-08T23:23:43.004Z" },
]

[[package]]
name = "nuitka"
version = "2.8.4"
source = { registry = "https://pypi.org/simple" }
dependencies = [
    { name = "ordered-set" },
    { name = "zstandard" },
]
sdist = { url = "https://files.pythonhosted.org/packages/6f/87/f20ffda1b6dc04361fa95390f4d47d974ee194e6e1e7688f13d324f3d89b/Nuitka-2.8.4.tar.gz", hash = "sha256:06b020ef33be97194f888dcfcd4c69c8452ceb61b31c7622e610d5156eb7923d", size = 3885111, upload-time = "2025-10-21T10:28:45.499Z" }

[[package]]
name = "ordered-set"
version = "4.1.0"
source = { registry = "https://pypi.org/simple" }
sdist = { url = "https://files.pythonhosted.org/packages/4c/ca/bfac8bc689799bcca4157e0e0ced07e70ce125193fc2e166d2e685b7e2fe/ordered-set-4.1.0.tar.gz", hash = "sha256:694a8e44c87657c59292ede72891eb91d34131f6531463aab3009191c77364a8", size = 12826, upload-time = "2022-01-26T14:38:56.6Z" }
wheels = [
    { url = "https://files.pythonhosted.org/packages/33/55/af02708f230eb77084a299d7b08175cff006dea4f2721074b92cdb0296c0/ordered_set-4.1.0-py3-none-any.whl", hash = "sha256:046e1132c71fcf3330438a539928932caf51ddbc582496833e23de611de14562", size = 7634, upload-time = "2022-01-26T14:38:48.677Z" },
]

[[package]]
name = "pycparser"
version = "2.22"
source = { registry = "https://pypi.org/simple" }
sdist = { url = "https://files.pythonhosted.org/packages/1d/b2/31537cf4b1ca988837256c910a668b553fceb8f069bedc4b1c826024b52c/pycparser-2.22.tar.gz", hash = "sha256:491c8be9c040f5390f5bf44a5b07752bd07f56edf992381b05c701439eec10f6", size = 172736, upload-time = "2024-03-30T13:22:22.564Z" }
wheels = [
    { url = "https://files.pythonhosted.org/packages/13/a3/a812df4e2dd5696d1f351d58b8fe16a405b234ad2886a0dab9183fb78109/pycparser-2.22-py3-none-any.whl", hash = "sha256:c3702b6d3dd8c7abc1afa565d7e63d53a1d0bd86cdc24edd75470f4de499cfcc", size = 117552, upload-time = "2024-03-30T13:22:20.476Z" },
]

[[package]]
name = "pypresence"
version = "4.6.1"
source = { registry = "https://pypi.org/simple" }
sdist = { url = "https://files.pythonhosted.org/packages/f6/6b/dedacb949ee73c3fd4a11992a4e9a70fc4cd1046ed6870f9138348293ded/pypresence-4.6.1.tar.gz", hash = "sha256:05199516a3b4e182b637b3cd5415aab7ba542707664f634f35a7220c4f10334f", size = 20419, upload-time = "2025-10-17T18:53:39.484Z" }
wheels = [
    { url = "https://files.pythonhosted.org/packages/bd/0d/1c817c6769ce0b64cc0dcc20bc9d0edb4dc560e83a3b5f0d5cbda04c3d35/pypresence-4.6.1-py3-none-any.whl", hash = "sha256:33d4549fcdf4102f81935df4ba587bacb22193e0c50c541d1ab9329b21df33cd", size = 14033, upload-time = "2025-10-17T18:53:38.184Z" },
]

[[package]]
name = "pytaiko"
version = "1.0"
source = { virtual = "." }
dependencies = [
    { name = "av" },
    { name = "pypresence" },
    { name = "raylib-sdl" },
    { name = "tomlkit" },
]

[package.dev-dependencies]
dev = [
    { name = "nuitka" },
]

[package.metadata]
requires-dist = [
    { name = "av", specifier = ">=16.0.1" },
    { name = "pypresence", specifier = ">=4.6.1" },
    { name = "raylib-sdl", specifier = ">=5.5.0.2" },
    { name = "tomlkit", specifier = ">=0.13.3" },
]

[package.metadata.requires-dev]
dev = [{ name = "nuitka", specifier = ">=2.8.4" }]

[[package]]
name = "raylib-sdl"
version = "5.5.0.3"
source = { registry = "https://pypi.org/simple" }
dependencies = [
    { name = "cffi" },
]
wheels = [
    { url = "https://files.pythonhosted.org/packages/0d/e2/51c3231b507f04c698378cf5fcfe80b1fc53b287759210aa4afc460ced78/raylib_sdl-5.5.0.3-cp313-cp313-macosx_10_13_x86_64.whl", hash = "sha256:a61fcbadbbf199b937669e22a73f12ba9b688ad70d4d9156a01d21908786a8b0", size = 2196510, upload-time = "2025-09-03T16:03:58.092Z" },
    { url = "https://files.pythonhosted.org/packages/c1/39/ae2e1d01107e4283dca0e37d594e46344110231c31a8e9af330200050f4c/raylib_sdl-5.5.0.3-cp313-cp313-macosx_15_0_arm64.whl", hash = "sha256:b653112ee36fc323d57051b1d995f6322be85db6a83c5bd46eecfa85a0c70b6e", size = 1755927, upload-time = "2025-09-03T16:08:57.217Z" },
    { url = "https://files.pythonhosted.org/packages/60/e7/cdb82a6d3d62d32291a367cc6b23e8d878f10803f60c8c52c7187f83cd54/raylib_sdl-5.5.0.3-cp313-cp313-manylinux2014_aarch64.whl", hash = "sha256:ca78d540d6e22150543da03ec8daf9aa2d4a6900e0001d307fdf87d03faac677", size = 2843412, upload-time = "2025-09-03T16:08:59.822Z" },
    { url = "https://files.pythonhosted.org/packages/1f/84/61bb530fbb6a467551e147dfefd6ea11fa25dbd35fea65fa7854bc29fe92/raylib_sdl-5.5.0.3-cp313-cp313-manylinux2014_x86_64.manylinux_2_17_x86_64.whl", hash = "sha256:245d6c32a8ad1833d4d37933d4d6067f7d919ebb3554609e6779154309c67c38", size = 2856661, upload-time = "2025-09-03T16:04:01.287Z" },
    { url = "https://files.pythonhosted.org/packages/13/09/a67ec3441260a529f60b4738686575fa5ad5a3aa3f9f4bb45136b9abd737/raylib_sdl-5.5.0.3-cp313-cp313-win_amd64.whl", hash = "sha256:292962fd41759a9a149e4389588e7a38c3a6ec69eb50a88a3ea4ace76c9a1eed", size = 1630831, upload-time = "2025-09-03T16:04:03.369Z" },
    { url = "https://files.pythonhosted.org/packages/72/74/6e567a13c02741c2604a7ca75bebf07403dae3323c8402e3064f28acd1cf/raylib_sdl-5.5.0.3-cp314-cp314-macosx_10_15_x86_64.whl", hash = "sha256:99a38716b6f60f96bd27cb2f8726161eb3295d305ae4634dfb9046ab758b9e30", size = 2197098, upload-time = "2025-09-03T16:04:05.667Z" },
    { url = "https://files.pythonhosted.org/packages/b2/38/6460ced11ba4bbf26588178dc366e414f2e3cf2c0eb17506095f4503a405/raylib_sdl-5.5.0.3-cp314-cp314-macosx_11_0_arm64.whl", hash = "sha256:7a0563e45b9f2767a7a648c6dcf255ef67bf770f3c1634885605fa480b0c7b43", size = 2195980, upload-time = "2025-10-29T14:11:21.906Z" },
    { url = "https://files.pythonhosted.org/packages/79/4b/bdd7ddf420db78f2b741582881f4c7a6ec2c4dc2c5406ed7cddb88c03fc3/raylib_sdl-5.5.0.3-cp314-cp314-manylinux2014_aarch64.whl", hash = "sha256:ae85790f1da9472a02a9235239bd0da2763d4a06a171e03495630bfdd1615744", size = 2816550, upload-time = "2025-10-29T14:03:48.263Z" },
    { url = "https://files.pythonhosted.org/packages/21/62/c842f623d9197488e16b1d72a2ba492ab9eed57a446eb93458c497313383/raylib_sdl-5.5.0.3-cp314-cp314-manylinux2014_x86_64.manylinux_2_17_x86_64.whl", hash = "sha256:fdd57c75ca760ceceea12f25ae6e22df1b3f11b322257a9272bbf25dea0bac93", size = 2852329, upload-time = "2025-10-27T19:09:07.765Z" },
    { url = "https://files.pythonhosted.org/packages/ea/a1/23464c0fbf8d3c75225023021ea10477e24dddc4bd0432bec0fb2f786f03/raylib_sdl-5.5.0.3-cp314-cp314-win_amd64.whl", hash = "sha256:f3333e14389e0ac653cb47ddb7405f07eb096749acd19c7a59a47cdac716b2b8", size = 1683742, upload-time = "2025-09-03T16:04:07.657Z" },
]

[[package]]
name = "tomlkit"
version = "0.13.3"
source = { registry = "https://pypi.org/simple" }
sdist = { url = "https://files.pythonhosted.org/packages/cc/18/0bbf3884e9eaa38819ebe46a7bd25dcd56b67434402b66a58c4b8e552575/tomlkit-0.13.3.tar.gz", hash = "sha256:430cf247ee57df2b94ee3fbe588e71d362a941ebb545dec29b53961d61add2a1", size = 185207, upload-time = "2025-06-05T07:13:44.947Z" }
wheels = [
    { url = "https://files.pythonhosted.org/packages/bd/75/8539d011f6be8e29f339c42e633aae3cb73bffa95dd0f9adec09b9c58e85/tomlkit-0.13.3-py3-none-any.whl", hash = "sha256:c89c649d79ee40629a9fda55f8ace8c6a1b42deb912b2a8fd8d942ddadb606b0", size = 38901, upload-time = "2025-06-05T07:13:43.546Z" },
]

[[package]]
name = "zstandard"
version = "0.25.0"
source = { registry = "https://pypi.org/simple" }
sdist = { url = "https://files.pythonhosted.org/packages/fd/aa/3e0508d5a5dd96529cdc5a97011299056e14c6505b678fd58938792794b1/zstandard-0.25.0.tar.gz", hash = "sha256:7713e1179d162cf5c7906da876ec2ccb9c3a9dcbdffef0cc7f70c3667a205f0b", size = 711513, upload-time = "2025-09-14T22:15:54.002Z" }
wheels = [
    { url = "https://files.pythonhosted.org/packages/35/0b/8df9c4ad06af91d39e94fa96cc010a24ac4ef1378d3efab9223cc8593d40/zstandard-0.25.0-cp313-cp313-macosx_10_13_x86_64.whl", hash = "sha256:ec996f12524f88e151c339688c3897194821d7f03081ab35d31d1e12ec975e94", size = 795735, upload-time = "2025-09-14T22:17:26.042Z" },
    { url = "https://files.pythonhosted.org/packages/3f/06/9ae96a3e5dcfd119377ba33d4c42a7d89da1efabd5cb3e366b156c45ff4d/zstandard-0.25.0-cp313-cp313-macosx_11_0_arm64.whl", hash = "sha256:a1a4ae2dec3993a32247995bdfe367fc3266da832d82f8438c8570f989753de1", size = 640440, upload-time = "2025-09-14T22:17:27.366Z" },
    { url = "https://files.pythonhosted.org/packages/d9/14/933d27204c2bd404229c69f445862454dcc101cd69ef8c6068f15aaec12c/zstandard-0.25.0-cp313-cp313-manylinux2010_i686.manylinux2014_i686.manylinux_2_12_i686.manylinux_2_17_i686.whl", hash = "sha256:e96594a5537722fdfb79951672a2a63aec5ebfb823e7560586f7484819f2a08f", size = 5343070, upload-time = "2025-09-14T22:17:28.896Z" },
    { url = "https://files.pythonhosted.org/packages/6d/db/ddb11011826ed7db9d0e485d13df79b58586bfdec56e5c84a928a9a78c1c/zstandard-0.25.0-cp313-cp313-manylinux2014_aarch64.manylinux_2_17_aarch64.whl", hash = "sha256:bfc4e20784722098822e3eee42b8e576b379ed72cca4a7cb856ae733e62192ea", size = 5063001, upload-time = "2025-09-14T22:17:31.044Z" },
    { url = "https://files.pythonhosted.org/packages/db/00/87466ea3f99599d02a5238498b87bf84a6348290c19571051839ca943777/zstandard-0.25.0-cp313-cp313-manylinux2014_ppc64le.manylinux_2_17_ppc64le.whl", hash = "sha256:457ed498fc58cdc12fc48f7950e02740d4f7ae9493dd4ab2168a47c93c31298e", size = 5394120, upload-time = "2025-09-14T22:17:32.711Z" },
    { url = "https://files.pythonhosted.org/packages/2b/95/fc5531d9c618a679a20ff6c29e2b3ef1d1f4ad66c5e161ae6ff847d102a9/zstandard-0.25.0-cp313-cp313-manylinux2014_s390x.manylinux_2_17_s390x.whl", hash = "sha256:fd7a5004eb1980d3cefe26b2685bcb0b17989901a70a1040d1ac86f1d898c551", size = 5451230, upload-time = "2025-09-14T22:17:34.41Z" },
    { url = "https://files.pythonhosted.org/packages/63/4b/e3678b4e776db00f9f7b2fe58e547e8928ef32727d7a1ff01dea010f3f13/zstandard-0.25.0-cp313-cp313-manylinux2014_x86_64.manylinux_2_17_x86_64.whl", hash = "sha256:8e735494da3db08694d26480f1493ad2cf86e99bdd53e8e9771b2752a5c0246a", size = 5547173, upload-time = "2025-09-14T22:17:36.084Z" },
    { url = "https://files.pythonhosted.org/packages/4e/d5/ba05ed95c6b8ec30bd468dfeab20589f2cf709b5c940483e31d991f2ca58/zstandard-0.25.0-cp313-cp313-musllinux_1_1_aarch64.whl", hash = "sha256:3a39c94ad7866160a4a46d772e43311a743c316942037671beb264e395bdd611", size = 5046736, upload-time = "2025-09-14T22:17:37.891Z" },
    { url = "https://files.pythonhosted.org/packages/50/d5/870aa06b3a76c73eced65c044b92286a3c4e00554005ff51962deef28e28/zstandard-0.25.0-cp313-cp313-musllinux_1_1_x86_64.whl", hash = "sha256:172de1f06947577d3a3005416977cce6168f2261284c02080e7ad0185faeced3", size = 5576368, upload-time = "2025-09-14T22:17:40.206Z" },
    { url = "https://files.pythonhosted.org/packages/5d/35/398dc2ffc89d304d59bc12f0fdd931b4ce455bddf7038a0a67733a25f550/zstandard-0.25.0-cp313-cp313-musllinux_1_2_aarch64.whl", hash = "sha256:3c83b0188c852a47cd13ef3bf9209fb0a77fa5374958b8c53aaa699398c6bd7b", size = 4954022, upload-time = "2025-09-14T22:17:41.879Z" },
    { url = "https://files.pythonhosted.org/packages/9a/5c/36ba1e5507d56d2213202ec2b05e8541734af5f2ce378c5d1ceaf4d88dc4/zstandard-0.25.0-cp313-cp313-musllinux_1_2_i686.whl", hash = "sha256:1673b7199bbe763365b81a4f3252b8e80f44c9e323fc42940dc8843bfeaf9851", size = 5267889, upload-time = "2025-09-14T22:17:43.577Z" },
    { url = "https://files.pythonhosted.org/packages/70/e8/2ec6b6fb7358b2ec0113ae202647ca7c0e9d15b61c005ae5225ad0995df5/zstandard-0.25.0-cp313-cp313-musllinux_1_2_ppc64le.whl", hash = "sha256:0be7622c37c183406f3dbf0cba104118eb16a4ea7359eeb5752f0794882fc250", size = 5433952, upload-time = "2025-09-14T22:17:45.271Z" },
    { url = "https://files.pythonhosted.org/packages/7b/01/b5f4d4dbc59ef193e870495c6f1275f5b2928e01ff5a81fecb22a06e22fb/zstandard-0.25.0-cp313-cp313-musllinux_1_2_s390x.whl", hash = "sha256:5f5e4c2a23ca271c218ac025bd7d635597048b366d6f31f420aaeb715239fc98", size = 5814054, upload-time = "2025-09-14T22:17:47.08Z" },
    { url = "https://files.pythonhosted.org/packages/b2/e5/fbd822d5c6f427cf158316d012c5a12f233473c2f9c5fe5ab1ae5d21f3d8/zstandard-0.25.0-cp313-cp313-musllinux_1_2_x86_64.whl", hash = "sha256:4f187a0bb61b35119d1926aee039524d1f93aaf38a9916b8c4b78ac8514a0aaf", size = 5360113, upload-time = "2025-09-14T22:17:48.893Z" },
    { url = "https://files.pythonhosted.org/packages/8e/e0/69a553d2047f9a2c7347caa225bb3a63b6d7704ad74610cb7823baa08ed7/zstandard-0.25.0-cp313-cp313-win32.whl", hash = "sha256:7030defa83eef3e51ff26f0b7bfb229f0204b66fe18e04359ce3474ac33cbc09", size = 436936, upload-time = "2025-09-14T22:17:52.658Z" },
    { url = "https://files.pythonhosted.org/packages/d9/82/b9c06c870f3bd8767c201f1edbdf9e8dc34be5b0fbc5682c4f80fe948475/zstandard-0.25.0-cp313-cp313-win_amd64.whl", hash = "sha256:1f830a0dac88719af0ae43b8b2d6aef487d437036468ef3c2ea59c51f9d55fd5", size = 506232, upload-time = "2025-09-14T22:17:50.402Z" },
    { url = "https://files.pythonhosted.org/packages/d4/57/60c3c01243bb81d381c9916e2a6d9e149ab8627c0c7d7abb2d73384b3c0c/zstandard-0.25.0-cp313-cp313-win_arm64.whl", hash = "sha256:85304a43f4d513f5464ceb938aa02c1e78c2943b29f44a750b48b25ac999a049", size = 462671, upload-time = "2025-09-14T22:17:51.533Z" },
    { url = "https://files.pythonhosted.org/packages/3d/5c/f8923b595b55fe49e30612987ad8bf053aef555c14f05bb659dd5dbe3e8a/zstandard-0.25.0-cp314-cp314-macosx_10_13_x86_64.whl", hash = "sha256:e29f0cf06974c899b2c188ef7f783607dbef36da4c242eb6c82dcd8b512855e3", size = 795887, upload-time = "2025-09-14T22:17:54.198Z" },
    { url = "https://files.pythonhosted.org/packages/8d/09/d0a2a14fc3439c5f874042dca72a79c70a532090b7ba0003be73fee37ae2/zstandard-0.25.0-cp314-cp314-macosx_11_0_arm64.whl", hash = "sha256:05df5136bc5a011f33cd25bc9f506e7426c0c9b3f9954f056831ce68f3b6689f", size = 640658, upload-time = "2025-09-14T22:17:55.423Z" },
    { url = "https://files.pythonhosted.org/packages/5d/7c/8b6b71b1ddd517f68ffb55e10834388d4f793c49c6b83effaaa05785b0b4/zstandard-0.25.0-cp314-cp314-manylinux2010_i686.manylinux_2_12_i686.manylinux_2_28_i686.whl", hash = "sha256:f604efd28f239cc21b3adb53eb061e2a205dc164be408e553b41ba2ffe0ca15c", size = 5379849, upload-time = "2025-09-14T22:17:57.372Z" },
    { url = "https://files.pythonhosted.org/packages/a4/86/a48e56320d0a17189ab7a42645387334fba2200e904ee47fc5a26c1fd8ca/zstandard-0.25.0-cp314-cp314-manylinux2014_aarch64.manylinux_2_17_aarch64.manylinux_2_28_aarch64.whl", hash = "sha256:223415140608d0f0da010499eaa8ccdb9af210a543fac54bce15babbcfc78439", size = 5058095, upload-time = "2025-09-14T22:17:59.498Z" },
    { url = "https://files.pythonhosted.org/packages/f8/ad/eb659984ee2c0a779f9d06dbfe45e2dc39d99ff40a319895df2d3d9a48e5/zstandard-0.25.0-cp314-cp314-manylinux2014_ppc64le.manylinux_2_17_ppc64le.manylinux_2_28_ppc64le.whl", hash = "sha256:2e54296a283f3ab5a26fc9b8b5d4978ea0532f37b231644f367aa588930aa043", size = 5551751, upload-time = "2025-09-14T22:18:01.618Z" },
    { url = "https://files.pythonhosted.org/packages/61/b3/b637faea43677eb7bd42ab204dfb7053bd5c4582bfe6b1baefa80ac0c47b/zstandard-0.25.0-cp314-cp314-manylinux2014_s390x.manylinux_2_17_s390x.manylinux_2_28_s390x.whl", hash = "sha256:ca54090275939dc8ec5dea2d2afb400e0f83444b2fc24e07df7fdef677110859", size = 6364818, upload-time = "2025-09-14T22:18:03.769Z" },
    { url = "https://files.pythonhosted.org/packages/31/dc/cc50210e11e465c975462439a492516a73300ab8caa8f5e0902544fd748b/zstandard-0.25.0-cp314-cp314-manylinux2014_x86_64.manylinux_2_17_x86_64.manylinux_2_28_x86_64.whl", hash = "sha256:e09bb6252b6476d8d56100e8147b803befa9a12cea144bbe629dd508800d1ad0", size = 5560402, upload-time = "2025-09-14T22:18:05.954Z" },
    { url = "https://files.pythonhosted.org/packages/c9/ae/56523ae9c142f0c08efd5e868a6da613ae76614eca1305259c3bf6a0ed43/zstandard-0.25.0-cp314-cp314-musllinux_1_2_aarch64.whl", hash = "sha256:a9ec8c642d1ec73287ae3e726792dd86c96f5681eb8df274a757bf62b750eae7", size = 4955108, upload-time = "2025-09-14T22:18:07.68Z" },
    { url = "https://files.pythonhosted.org/packages/98/cf/c899f2d6df0840d5e384cf4c4121458c72802e8bda19691f3b16619f51e9/zstandard-0.25.0-cp314-cp314-musllinux_1_2_i686.whl", hash = "sha256:a4089a10e598eae6393756b036e0f419e8c1d60f44a831520f9af41c14216cf2", size = 5269248, upload-time = "2025-09-14T22:18:09.753Z" },
    { url = "https://files.pythonhosted.org/packages/1b/c0/59e912a531d91e1c192d3085fc0f6fb2852753c301a812d856d857ea03c6/zstandard-0.25.0-cp314-cp314-musllinux_1_2_ppc64le.whl", hash = "sha256:f67e8f1a324a900e75b5e28ffb152bcac9fbed1cc7b43f99cd90f395c4375344", size = 5430330, upload-time = "2025-09-14T22:18:11.966Z" },
    { url = "https://files.pythonhosted.org/packages/a0/1d/7e31db1240de2df22a58e2ea9a93fc6e38cc29353e660c0272b6735d6669/zstandard-0.25.0-cp314-cp314-musllinux_1_2_s390x.whl", hash = "sha256:9654dbc012d8b06fc3d19cc825af3f7bf8ae242226df5f83936cb39f5fdc846c", size = 5811123, upload-time = "2025-09-14T22:18:13.907Z" },
    { url = "https://files.pythonhosted.org/packages/f6/49/fac46df5ad353d50535e118d6983069df68ca5908d4d65b8c466150a4ff1/zstandard-0.25.0-cp314-cp314-musllinux_1_2_x86_64.whl", hash = "sha256:4203ce3b31aec23012d3a4cf4a2ed64d12fea5269c49aed5e4c3611b938e4088", size = 5359591, upload-time = "2025-09-14T22:18:16.465Z" },
    { url = "https://files.pythonhosted.org/packages/c2/38/f249a2050ad1eea0bb364046153942e34abba95dd5520af199aed86fbb49/zstandard-0.25.0-cp314-cp314-win32.whl", hash = "sha256:da469dc041701583e34de852d8634703550348d5822e66a0c827d39b05365b12", size = 444513, upload-time = "2025-09-14T22:18:20.61Z" },
    { url = "https://files.pythonhosted.org/packages/3a/43/241f9615bcf8ba8903b3f0432da069e857fc4fd1783bd26183db53c4804b/zstandard-0.25.0-cp314-cp314-win_amd64.whl", hash = "sha256:c19bcdd826e95671065f8692b5a4aa95c52dc7a02a4c5a0cac46deb879a017a2", size = 516118, upload-time = "2025-09-14T22:18:17.849Z" },
    { url = "https://files.pythonhosted.org/packages/f0/ef/da163ce2450ed4febf6467d77ccb4cd52c4c30ab45624bad26ca0a27260c/zstandard-0.25.0-cp314-cp314-win_arm64.whl", hash = "sha256:d7541afd73985c630bafcd6338d2518ae96060075f9463d7dc14cfb33514383d", size = 476940, upload-time = "2025-09-14T22:18:19.088Z" },
]
